// !$*UTF8*$!
{
	archiveVersion = 1;
	classes = {
	};
	objectVersion = 55;
	objects = {

/* Begin PBXBuildFile section */
		47A35CE326E70EA5008FFFA9 /* Tests_iOS.swift in Sources */ = {isa = PBXBuildFile; fileRef = 47A35CE226E70EA5008FFFA9 /* Tests_iOS.swift */; };
		47A35CE526E70EA5008FFFA9 /* Tests_iOSLaunchTests.swift in Sources */ = {isa = PBXBuildFile; fileRef = 47A35CE426E70EA5008FFFA9 /* Tests_iOSLaunchTests.swift */; };
		47A35CEF26E70EA5008FFFA9 /* Tests_macOS.swift in Sources */ = {isa = PBXBuildFile; fileRef = 47A35CEE26E70EA5008FFFA9 /* Tests_macOS.swift */; };
		47A35CF126E70EA5008FFFA9 /* Tests_macOSLaunchTests.swift in Sources */ = {isa = PBXBuildFile; fileRef = 47A35CF026E70EA5008FFFA9 /* Tests_macOSLaunchTests.swift */; };
		47A35CF226E70EA5008FFFA9 /* UI_301App.swift in Sources */ = {isa = PBXBuildFile; fileRef = 47A35CCC26E70EA4008FFFA9 /* UI_301App.swift */; };
		47A35CF326E70EA5008FFFA9 /* UI_301App.swift in Sources */ = {isa = PBXBuildFile; fileRef = 47A35CCC26E70EA4008FFFA9 /* UI_301App.swift */; };
		47A35CF426E70EA5008FFFA9 /* ContentView.swift in Sources */ = {isa = PBXBuildFile; fileRef = 47A35CCD26E70EA4008FFFA9 /* ContentView.swift */; };
		47A35CF526E70EA5008FFFA9 /* ContentView.swift in Sources */ = {isa = PBXBuildFile; fileRef = 47A35CCD26E70EA4008FFFA9 /* ContentView.swift */; };
		47A35CF626E70EA5008FFFA9 /* Assets.xcassets in Resources */ = {isa = PBXBuildFile; fileRef = 47A35CCE26E70EA5008FFFA9 /* Assets.xcassets */; };
		47A35CF726E70EA5008FFFA9 /* Assets.xcassets in Resources */ = {isa = PBXBuildFile; fileRef = 47A35CCE26E70EA5008FFFA9 /* Assets.xcassets */; };
		47A35D0726E70EE1008FFFA9 /* BaseView.swift in Sources */ = {isa = PBXBuildFile; fileRef = 47A35D0626E70EE1008FFFA9 /* BaseView.swift */; };
		47A35D0826E70EE1008FFFA9 /* BaseView.swift in Sources */ = {isa = PBXBuildFile; fileRef = 47A35D0626E70EE1008FFFA9 /* BaseView.swift */; };
		47A35D0B26E70F1F008FFFA9 /* SlideView.swift in Sources */ = {isa = PBXBuildFile; fileRef = 47A35D0A26E70F1F008FFFA9 /* SlideView.swift */; };
		47A35D0C26E70F1F008FFFA9 /* SlideView.swift in Sources */ = {isa = PBXBuildFile; fileRef = 47A35D0A26E70F1F008FFFA9 /* SlideView.swift */; };
		47A35D0F26E76756008FFFA9 /* BaseViewModel.swift in Sources */ = {isa = PBXBuildFile; fileRef = 47A35D0E26E76756008FFFA9 /* BaseViewModel.swift */; };
		47A35D1026E76756008FFFA9 /* BaseViewModel.swift in Sources */ = {isa = PBXBuildFile; fileRef = 47A35D0E26E76756008FFFA9 /* BaseViewModel.swift */; };
		47A35D1226E78455008FFFA9 /* Home.swift in Sources */ = {isa = PBXBuildFile; fileRef = 47A35D1126E78455008FFFA9 /* Home.swift */; };
		47A35D1326E78455008FFFA9 /* Home.swift in Sources */ = {isa = PBXBuildFile; fileRef = 47A35D1126E78455008FFFA9 /* Home.swift */; };
/* End PBXBuildFile section */

/* Begin PBXContainerItemProxy section */
		47A35CDF26E70EA5008FFFA9 /* PBXContainerItemProxy */ = {
			isa = PBXContainerItemProxy;
			containerPortal = 47A35CC726E70EA4008FFFA9 /* Project object */;
			proxyType = 1;
			remoteGlobalIDString = 47A35CD226E70EA5008FFFA9;
			remoteInfo = "UI-301 (iOS)";
		};
		47A35CEB26E70EA5008FFFA9 /* PBXContainerItemProxy */ = {
			isa = PBXContainerItemProxy;
			containerPortal = 47A35CC726E70EA4008FFFA9 /* Project object */;
			proxyType = 1;
			remoteGlobalIDString = 47A35CD826E70EA5008FFFA9;
			remoteInfo = "UI-301 (macOS)";
		};
/* End PBXContainerItemProxy section */

/* Begin PBXFileReference section */
		47A35CCC26E70EA4008FFFA9 /* UI_301App.swift */ = {isa = PBXFileReference; lastKnownFileType = sourcecode.swift; path = UI_301App.swift; sourceTree = "<group>"; };
		47A35CCD26E70EA4008FFFA9 /* ContentView.swift */ = {isa = PBXFileReference; lastKnownFileType = sourcecode.swift; path = ContentView.swift; sourceTree = "<group>"; };
		47A35CCE26E70EA5008FFFA9 /* Assets.xcassets */ = {isa = PBXFileReference; lastKnownFileType = folder.assetcatalog; path = Assets.xcassets; sourceTree = "<group>"; };
		47A35CD326E70EA5008FFFA9 /* UI-301.app */ = {isa = PBXFileReference; explicitFileType = wrapper.application; includeInIndex = 0; path = "UI-301.app"; sourceTree = BUILT_PRODUCTS_DIR; };
		47A35CD926E70EA5008FFFA9 /* UI-301.app */ = {isa = PBXFileReference; explicitFileType = wrapper.application; includeInIndex = 0; path = "UI-301.app"; sourceTree = BUILT_PRODUCTS_DIR; };
		47A35CDE26E70EA5008FFFA9 /* Tests iOS.xctest */ = {isa = PBXFileReference; explicitFileType = wrapper.cfbundle; includeInIndex = 0; path = "Tests iOS.xctest"; sourceTree = BUILT_PRODUCTS_DIR; };
		47A35CE226E70EA5008FFFA9 /* Tests_iOS.swift */ = {isa = PBXFileReference; lastKnownFileType = sourcecode.swift; path = Tests_iOS.swift; sourceTree = "<group>"; };
		47A35CE426E70EA5008FFFA9 /* Tests_iOSLaunchTests.swift */ = {isa = PBXFileReference; lastKnownFileType = sourcecode.swift; path = Tests_iOSLaunchTests.swift; sourceTree = "<group>"; };
		47A35CEA26E70EA5008FFFA9 /* Tests macOS.xctest */ = {isa = PBXFileReference; explicitFileType = wrapper.cfbundle; includeInIndex = 0; path = "Tests macOS.xctest"; sourceTree = BUILT_PRODUCTS_DIR; };
		47A35CEE26E70EA5008FFFA9 /* Tests_macOS.swift */ = {isa = PBXFileReference; lastKnownFileType = sourcecode.swift; path = Tests_macOS.swift; sourceTree = "<group>"; };
		47A35CF026E70EA5008FFFA9 /* Tests_macOSLaunchTests.swift */ = {isa = PBXFileReference; lastKnownFileType = sourcecode.swift; path = Tests_macOSLaunchTests.swift; sourceTree = "<group>"; };
		47A35D0626E70EE1008FFFA9 /* BaseView.swift */ = {isa = PBXFileReference; lastKnownFileType = sourcecode.swift; path = BaseView.swift; sourceTree = "<group>"; };
		47A35D0A26E70F1F008FFFA9 /* SlideView.swift */ = {isa = PBXFileReference; lastKnownFileType = sourcecode.swift; path = SlideView.swift; sourceTree = "<group>"; };
		47A35D0E26E76756008FFFA9 /* BaseViewModel.swift */ = {isa = PBXFileReference; lastKnownFileType = sourcecode.swift; path = BaseViewModel.swift; sourceTree = "<group>"; };
		47A35D1126E78455008FFFA9 /* Home.swift */ = {isa = PBXFileReference; lastKnownFileType = sourcecode.swift; path = Home.swift; sourceTree = "<group>"; };
/* End PBXFileReference section */

/* Begin PBXFrameworksBuildPhase section */
		47A35CD026E70EA5008FFFA9 /* Frameworks */ = {
			isa = PBXFrameworksBuildPhase;
			buildActionMask = 2147483647;
			files = (
			);
			runOnlyForDeploymentPostprocessing = 0;
		};
		47A35CD626E70EA5008FFFA9 /* Frameworks */ = {
			isa = PBXFrameworksBuildPhase;
			buildActionMask = 2147483647;
			files = (
			);
			runOnlyForDeploymentPostprocessing = 0;
		};
		47A35CDB26E70EA5008FFFA9 /* Frameworks */ = {
			isa = PBXFrameworksBuildPhase;
			buildActionMask = 2147483647;
			files = (
			);
			runOnlyForDeploymentPostprocessing = 0;
		};
		47A35CE726E70EA5008FFFA9 /* Frameworks */ = {
			isa = PBXFrameworksBuildPhase;
			buildActionMask = 2147483647;
			files = (
			);
			runOnlyForDeploymentPostprocessing = 0;
		};
/* End PBXFrameworksBuildPhase section */

/* Begin PBXGroup section */
		47A35CC626E70EA4008FFFA9 = {
			isa = PBXGroup;
			children = (
				47A35CCB26E70EA4008FFFA9 /* Shared */,
				47A35CE126E70EA5008FFFA9 /* Tests iOS */,
				47A35CED26E70EA5008FFFA9 /* Tests macOS */,
				47A35CD426E70EA5008FFFA9 /* Products */,
			);
			sourceTree = "<group>";
		};
		47A35CCB26E70EA4008FFFA9 /* Shared */ = {
			isa = PBXGroup;
			children = (
				47A35D0D26E7674A008FFFA9 /* ViewModel */,
				47A35D0926E70EE4008FFFA9 /* View */,
				47A35CCC26E70EA4008FFFA9 /* UI_301App.swift */,
				47A35CCD26E70EA4008FFFA9 /* ContentView.swift */,
				47A35CCE26E70EA5008FFFA9 /* Assets.xcassets */,
			);
			path = Shared;
			sourceTree = "<group>";
		};
		47A35CD426E70EA5008FFFA9 /* Products */ = {
			isa = PBXGroup;
			children = (
				47A35CD326E70EA5008FFFA9 /* UI-301.app */,
				47A35CD926E70EA5008FFFA9 /* UI-301.app */,
				47A35CDE26E70EA5008FFFA9 /* Tests iOS.xctest */,
				47A35CEA26E70EA5008FFFA9 /* Tests macOS.xctest */,
			);
			name = Products;
			sourceTree = "<group>";
		};
		47A35CE126E70EA5008FFFA9 /* Tests iOS */ = {
			isa = PBXGroup;
			children = (
				47A35CE226E70EA5008FFFA9 /* Tests_iOS.swift */,
				47A35CE426E70EA5008FFFA9 /* Tests_iOSLaunchTests.swift */,
			);
			path = "Tests iOS";
			sourceTree = "<group>";
		};
		47A35CED26E70EA5008FFFA9 /* Tests macOS */ = {
			isa = PBXGroup;
			children = (
				47A35CEE26E70EA5008FFFA9 /* Tests_macOS.swift */,
				47A35CF026E70EA5008FFFA9 /* Tests_macOSLaunchTests.swift */,
			);
			path = "Tests macOS";
			sourceTree = "<group>";
		};
		47A35D0926E70EE4008FFFA9 /* View */ = {
			isa = PBXGroup;
			children = (
				47A35D0626E70EE1008FFFA9 /* BaseView.swift */,
				47A35D0A26E70F1F008FFFA9 /* SlideView.swift */,
				47A35D1126E78455008FFFA9 /* Home.swift */,
			);
			path = View;
			sourceTree = "<group>";
		};
		47A35D0D26E7674A008FFFA9 /* ViewModel */ = {
			isa = PBXGroup;
			children = (
				47A35D0E26E76756008FFFA9 /* BaseViewModel.swift */,
			);
			path = ViewModel;
			sourceTree = "<group>";
		};
/* End PBXGroup section */

/* Begin PBXNativeTarget section */
		47A35CD226E70EA5008FFFA9 /* UI-301 (iOS) */ = {
			isa = PBXNativeTarget;
			buildConfigurationList = 47A35CFA26E70EA5008FFFA9 /* Build configuration list for PBXNativeTarget "UI-301 (iOS)" */;
			buildPhases = (
				47A35CCF26E70EA5008FFFA9 /* Sources */,
				47A35CD026E70EA5008FFFA9 /* Frameworks */,
				47A35CD126E70EA5008FFFA9 /* Resources */,
			);
			buildRules = (
			);
			dependencies = (
			);
			name = "UI-301 (iOS)";
			productName = "UI-301 (iOS)";
			productReference = 47A35CD326E70EA5008FFFA9 /* UI-301.app */;
			productType = "com.apple.product-type.application";
		};
		47A35CD826E70EA5008FFFA9 /* UI-301 (macOS) */ = {
			isa = PBXNativeTarget;
			buildConfigurationList = 47A35CFD26E70EA5008FFFA9 /* Build configuration list for PBXNativeTarget "UI-301 (macOS)" */;
			buildPhases = (
				47A35CD526E70EA5008FFFA9 /* Sources */,
				47A35CD626E70EA5008FFFA9 /* Frameworks */,
				47A35CD726E70EA5008FFFA9 /* Resources */,
			);
			buildRules = (
			);
			dependencies = (
			);
			name = "UI-301 (macOS)";
			productName = "UI-301 (macOS)";
			productReference = 47A35CD926E70EA5008FFFA9 /* UI-301.app */;
			productType = "com.apple.product-type.application";
		};
		47A35CDD26E70EA5008FFFA9 /* Tests iOS */ = {
			isa = PBXNativeTarget;
			buildConfigurationList = 47A35D0026E70EA5008FFFA9 /* Build configuration list for PBXNativeTarget "Tests iOS" */;
			buildPhases = (
				47A35CDA26E70EA5008FFFA9 /* Sources */,
				47A35CDB26E70EA5008FFFA9 /* Frameworks */,
				47A35CDC26E70EA5008FFFA9 /* Resources */,
			);
			buildRules = (
			);
			dependencies = (
				47A35CE026E70EA5008FFFA9 /* PBXTargetDependency */,
			);
			name = "Tests iOS";
			productName = "Tests iOS";
			productReference = 47A35CDE26E70EA5008FFFA9 /* Tests iOS.xctest */;
			productType = "com.apple.product-type.bundle.ui-testing";
		};
		47A35CE926E70EA5008FFFA9 /* Tests macOS */ = {
			isa = PBXNativeTarget;
			buildConfigurationList = 47A35D0326E70EA5008FFFA9 /* Build configuration list for PBXNativeTarget "Tests macOS" */;
			buildPhases = (
				47A35CE626E70EA5008FFFA9 /* Sources */,
				47A35CE726E70EA5008FFFA9 /* Frameworks */,
				47A35CE826E70EA5008FFFA9 /* Resources */,
			);
			buildRules = (
			);
			dependencies = (
				47A35CEC26E70EA5008FFFA9 /* PBXTargetDependency */,
			);
			name = "Tests macOS";
			productName = "Tests macOS";
			productReference = 47A35CEA26E70EA5008FFFA9 /* Tests macOS.xctest */;
			productType = "com.apple.product-type.bundle.ui-testing";
		};
/* End PBXNativeTarget section */

/* Begin PBXProject section */
		47A35CC726E70EA4008FFFA9 /* Project object */ = {
			isa = PBXProject;
			attributes = {
				BuildIndependentTargetsInParallel = 1;
				LastSwiftUpdateCheck = 1300;
				LastUpgradeCheck = 1300;
				TargetAttributes = {
					47A35CD226E70EA5008FFFA9 = {
						CreatedOnToolsVersion = 13.0;
					};
					47A35CD826E70EA5008FFFA9 = {
						CreatedOnToolsVersion = 13.0;
					};
					47A35CDD26E70EA5008FFFA9 = {
						CreatedOnToolsVersion = 13.0;
						TestTargetID = 47A35CD226E70EA5008FFFA9;
					};
					47A35CE926E70EA5008FFFA9 = {
						CreatedOnToolsVersion = 13.0;
						TestTargetID = 47A35CD826E70EA5008FFFA9;
					};
				};
			};
			buildConfigurationList = 47A35CCA26E70EA4008FFFA9 /* Build configuration list for PBXProject "UI-301" */;
			compatibilityVersion = "Xcode 13.0";
			developmentRegion = en;
			hasScannedForEncodings = 0;
			knownRegions = (
				en,
				Base,
			);
			mainGroup = 47A35CC626E70EA4008FFFA9;
			productRefGroup = 47A35CD426E70EA5008FFFA9 /* Products */;
			projectDirPath = "";
			projectRoot = "";
			targets = (
				47A35CD226E70EA5008FFFA9 /* UI-301 (iOS) */,
				47A35CD826E70EA5008FFFA9 /* UI-301 (macOS) */,
				47A35CDD26E70EA5008FFFA9 /* Tests iOS */,
				47A35CE926E70EA5008FFFA9 /* Tests macOS */,
			);
		};
/* End PBXProject section */

/* Begin PBXResourcesBuildPhase section */
		47A35CD126E70EA5008FFFA9 /* Resources */ = {
			isa = PBXResourcesBuildPhase;
			buildActionMask = 2147483647;
			files = (
				47A35CF626E70EA5008FFFA9 /* Assets.xcassets in Resources */,
			);
			runOnlyForDeploymentPostprocessing = 0;
		};
		47A35CD726E70EA5008FFFA9 /* Resources */ = {
			isa = PBXResourcesBuildPhase;
			buildActionMask = 2147483647;
			files = (
				47A35CF726E70EA5008FFFA9 /* Assets.xcassets in Resources */,
			);
			runOnlyForDeploymentPostprocessing = 0;
		};
		47A35CDC26E70EA5008FFFA9 /* Resources */ = {
			isa = PBXResourcesBuildPhase;
			buildActionMask = 2147483647;
			files = (
			);
			runOnlyForDeploymentPostprocessing = 0;
		};
		47A35CE826E70EA5008FFFA9 /* Resources */ = {
			isa = PBXResourcesBuildPhase;
			buildActionMask = 2147483647;
			files = (
			);
			runOnlyForDeploymentPostprocessing = 0;
		};
/* End PBXResourcesBuildPhase section */

/* Begin PBXSourcesBuildPhase section */
		47A35CCF26E70EA5008FFFA9 /* Sources */ = {
			isa = PBXSourcesBuildPhase;
			buildActionMask = 2147483647;
			files = (
				47A35D0726E70EE1008FFFA9 /* BaseView.swift in Sources */,
				47A35D0F26E76756008FFFA9 /* BaseViewModel.swift in Sources */,
				47A35CF426E70EA5008FFFA9 /* ContentView.swift in Sources */,
				47A35D0B26E70F1F008FFFA9 /* SlideView.swift in Sources */,
				47A35D1226E78455008FFFA9 /* Home.swift in Sources */,
				47A35CF226E70EA5008FFFA9 /* UI_301App.swift in Sources */,
			);
			runOnlyForDeploymentPostprocessing = 0;
		};
		47A35CD526E70EA5008FFFA9 /* Sources */ = {
			isa = PBXSourcesBuildPhase;
			buildActionMask = 2147483647;
			files = (
				47A35D0826E70EE1008FFFA9 /* BaseView.swift in Sources */,
				47A35D1026E76756008FFFA9 /* BaseViewModel.swift in Sources */,
				47A35CF526E70EA5008FFFA9 /* ContentView.swift in Sources */,
				47A35D0C26E70F1F008FFFA9 /* SlideView.swift in Sources */,
				47A35D1326E78455008FFFA9 /* Home.swift in Sources */,
				47A35CF326E70EA5008FFFA9 /* UI_301App.swift in Sources */,
			);
			runOnlyForDeploymentPostprocessing = 0;
		};
		47A35CDA26E70EA5008FFFA9 /* Sources */ = {
			isa = PBXSourcesBuildPhase;
			buildActionMask = 2147483647;
			files = (
				47A35CE526E70EA5008FFFA9 /* Tests_iOSLaunchTests.swift in Sources */,
				47A35CE326E70EA5008FFFA9 /* Tests_iOS.swift in Sources */,
			);
			runOnlyForDeploymentPostprocessing = 0;
		};
		47A35CE626E70EA5008FFFA9 /* Sources */ = {
			isa = PBXSourcesBuildPhase;
			buildActionMask = 2147483647;
			files = (
				47A35CF126E70EA5008FFFA9 /* Tests_macOSLaunchTests.swift in Sources */,
				47A35CEF26E70EA5008FFFA9 /* Tests_macOS.swift in Sources */,
			);
			runOnlyForDeploymentPostprocessing = 0;
		};
/* End PBXSourcesBuildPhase section */

/* Begin PBXTargetDependency section */
		47A35CE026E70EA5008FFFA9 /* PBXTargetDependency */ = {
			isa = PBXTargetDependency;
			target = 47A35CD226E70EA5008FFFA9 /* UI-301 (iOS) */;
			targetProxy = 47A35CDF26E70EA5008FFFA9 /* PBXContainerItemProxy */;
		};
		47A35CEC26E70EA5008FFFA9 /* PBXTargetDependency */ = {
			isa = PBXTargetDependency;
			target = 47A35CD826E70EA5008FFFA9 /* UI-301 (macOS) */;
			targetProxy = 47A35CEB26E70EA5008FFFA9 /* PBXContainerItemProxy */;
		};
/* End PBXTargetDependency section */

/* Begin XCBuildConfiguration section */
		47A35CF826E70EA5008FFFA9 /* Debug */ = {
			isa = XCBuildConfiguration;
			buildSettings = {
				ALWAYS_SEARCH_USER_PATHS = NO;
				CLANG_ANALYZER_NONNULL = YES;
				CLANG_ANALYZER_NUMBER_OBJECT_CONVERSION = YES_AGGRESSIVE;
				CLANG_CXX_LANGUAGE_STANDARD = "gnu++17";
				CLANG_CXX_LIBRARY = "libc++";
				CLANG_ENABLE_MODULES = YES;
				CLANG_ENABLE_OBJC_ARC = YES;
				CLANG_ENABLE_OBJC_WEAK = YES;
				CLANG_WARN_BLOCK_CAPTURE_AUTORELEASING = YES;
				CLANG_WARN_BOOL_CONVERSION = YES;
				CLANG_WARN_COMMA = YES;
				CLANG_WARN_CONSTANT_CONVERSION = YES;
				CLANG_WARN_DEPRECATED_OBJC_IMPLEMENTATIONS = YES;
				CLANG_WARN_DIRECT_OBJC_ISA_USAGE = YES_ERROR;
				CLANG_WARN_DOCUMENTATION_COMMENTS = YES;
				CLANG_WARN_EMPTY_BODY = YES;
				CLANG_WARN_ENUM_CONVERSION = YES;
				CLANG_WARN_INFINITE_RECURSION = YES;
				CLANG_WARN_INT_CONVERSION = YES;
				CLANG_WARN_NON_LITERAL_NULL_CONVERSION = YES;
				CLANG_WARN_OBJC_IMPLICIT_RETAIN_SELF = YES;
				CLANG_WARN_OBJC_LITERAL_CONVERSION = YES;
				CLANG_WARN_OBJC_ROOT_CLASS = YES_ERROR;
				CLANG_WARN_QUOTED_INCLUDE_IN_FRAMEWORK_HEADER = YES;
				CLANG_WARN_RANGE_LOOP_ANALYSIS = YES;
				CLANG_WARN_STRICT_PROTOTYPES = YES;
				CLANG_WARN_SUSPICIOUS_MOVE = YES;
				CLANG_WARN_UNGUARDED_AVAILABILITY = YES_AGGRESSIVE;
				CLANG_WARN_UNREACHABLE_CODE = YES;
				CLANG_WARN__DUPLICATE_METHOD_MATCH = YES;
				COPY_PHASE_STRIP = NO;
				DEBUG_INFORMATION_FORMAT = dwarf;
				ENABLE_STRICT_OBJC_MSGSEND = YES;
				ENABLE_TESTABILITY = YES;
				GCC_C_LANGUAGE_STANDARD = gnu11;
				GCC_DYNAMIC_NO_PIC = NO;
				GCC_NO_COMMON_BLOCKS = YES;
				GCC_OPTIMIZATION_LEVEL = 0;
				GCC_PREPROCESSOR_DEFINITIONS = (
					"DEBUG=1",
					"$(inherited)",
				);
				GCC_WARN_64_TO_32_BIT_CONVERSION = YES;
				GCC_WARN_ABOUT_RETURN_TYPE = YES_ERROR;
				GCC_WARN_UNDECLARED_SELECTOR = YES;
				GCC_WARN_UNINITIALIZED_AUTOS = YES_AGGRESSIVE;
				GCC_WARN_UNUSED_FUNCTION = YES;
				GCC_WARN_UNUSED_VARIABLE = YES;
				MTL_ENABLE_DEBUG_INFO = INCLUDE_SOURCE;
				MTL_FAST_MATH = YES;
				ONLY_ACTIVE_ARCH = YES;
				SWIFT_ACTIVE_COMPILATION_CONDITIONS = DEBUG;
				SWIFT_OPTIMIZATION_LEVEL = "-Onone";
			};
			name = Debug;
		};
		47A35CF926E70EA5008FFFA9 /* Release */ = {
			isa = XCBuildConfiguration;
			buildSettings = {
				ALWAYS_SEARCH_USER_PATHS = NO;
				CLANG_ANALYZER_NONNULL = YES;
				CLANG_ANALYZER_NUMBER_OBJECT_CONVERSION = YES_AGGRESSIVE;
				CLANG_CXX_LANGUAGE_STANDARD = "gnu++17";
				CLANG_CXX_LIBRARY = "libc++";
				CLANG_ENABLE_MODULES = YES;
				CLANG_ENABLE_OBJC_ARC = YES;
				CLANG_ENABLE_OBJC_WEAK = YES;
				CLANG_WARN_BLOCK_CAPTURE_AUTORELEASING = YES;
				CLANG_WARN_BOOL_CONVERSION = YES;
				CLANG_WARN_COMMA = YES;
				CLANG_WARN_CONSTANT_CONVERSION = YES;
				CLANG_WARN_DEPRECATED_OBJC_IMPLEMENTATIONS = YES;
				CLANG_WARN_DIRECT_OBJC_ISA_USAGE = YES_ERROR;
				CLANG_WARN_DOCUMENTATION_COMMENTS = YES;
				CLANG_WARN_EMPTY_BODY = YES;
				CLANG_WARN_ENUM_CONVERSION = YES;
				CLANG_WARN_INFINITE_RECURSION = YES;
				CLANG_WARN_INT_CONVERSION = YES;
				CLANG_WARN_NON_LITERAL_NULL_CONVERSION = YES;
				CLANG_WARN_OBJC_IMPLICIT_RETAIN_SELF = YES;
				CLANG_WARN_OBJC_LITERAL_CONVERSION = YES;
				CLANG_WARN_OBJC_ROOT_CLASS = YES_ERROR;
				CLANG_WARN_QUOTED_INCLUDE_IN_FRAMEWORK_HEADER = YES;
				CLANG_WARN_RANGE_LOOP_ANALYSIS = YES;
				CLANG_WARN_STRICT_PROTOTYPES = YES;
				CLANG_WARN_SUSPICIOUS_MOVE = YES;
				CLANG_WARN_UNGUARDED_AVAILABILITY = YES_AGGRESSIVE;
				CLANG_WARN_UNREACHABLE_CODE = YES;
				CLANG_WARN__DUPLICATE_METHOD_MATCH = YES;
				COPY_PHASE_STRIP = NO;
				DEBUG_INFORMATION_FORMAT = "dwarf-with-dsym";
				ENABLE_NS_ASSERTIONS = NO;
				ENABLE_STRICT_OBJC_MSGSEND = YES;
				GCC_C_LANGUAGE_STANDARD = gnu11;
				GCC_NO_COMMON_BLOCKS = YES;
				GCC_WARN_64_TO_32_BIT_CONVERSION = YES;
				GCC_WARN_ABOUT_RETURN_TYPE = YES_ERROR;
				GCC_WARN_UNDECLARED_SELECTOR = YES;
				GCC_WARN_UNINITIALIZED_AUTOS = YES_AGGRESSIVE;
				GCC_WARN_UNUSED_FUNCTION = YES;
				GCC_WARN_UNUSED_VARIABLE = YES;
				MTL_ENABLE_DEBUG_INFO = NO;
				MTL_FAST_MATH = YES;
				SWIFT_COMPILATION_MODE = wholemodule;
				SWIFT_OPTIMIZATION_LEVEL = "-O";
			};
			name = Release;
		};
		47A35CFB26E70EA5008FFFA9 /* Debug */ = {
			isa = XCBuildConfiguration;
			buildSettings = {
				ASSETCATALOG_COMPILER_APPICON_NAME = AppIcon;
				ASSETCATALOG_COMPILER_GLOBAL_ACCENT_COLOR_NAME = AccentColor;
				CODE_SIGN_STYLE = Automatic;
				CURRENT_PROJECT_VERSION = 1;
				DEVELOPMENT_TEAM = 8CL4U468K5;
				ENABLE_PREVIEWS = YES;
				GENERATE_INFOPLIST_FILE = YES;
				INFOPLIST_KEY_UIApplicationSceneManifest_Generation = YES;
				INFOPLIST_KEY_UIApplicationSupportsIndirectInputEvents = YES;
				INFOPLIST_KEY_UILaunchScreen_Generation = YES;
				INFOPLIST_KEY_UISupportedInterfaceOrientations_iPad = "UIInterfaceOrientationPortrait UIInterfaceOrientationPortraitUpsideDown UIInterfaceOrientationLandscapeLeft UIInterfaceOrientationLandscapeRight";
				INFOPLIST_KEY_UISupportedInterfaceOrientations_iPhone = "UIInterfaceOrientationPortrait UIInterfaceOrientationLandscapeLeft UIInterfaceOrientationLandscapeRight";
				IPHONEOS_DEPLOYMENT_TARGET = 15.0;
				LD_RUNPATH_SEARCH_PATHS = (
					"$(inherited)",
					"@executable_path/Frameworks",
				);
				MARKETING_VERSION = 1.0;
				PRODUCT_BUNDLE_IDENTIFIER = "com.587.UI-301";
				PRODUCT_NAME = "UI-301";
				SDKROOT = iphoneos;
				SWIFT_EMIT_LOC_STRINGS = YES;
				SWIFT_VERSION = 5.0;
				TARGETED_DEVICE_FAMILY = "1,2";
			};
			name = Debug;
		};
		47A35CFC26E70EA5008FFFA9 /* Release */ = {
			isa = XCBuildConfiguration;
			buildSettings = {
				ASSETCATALOG_COMPILER_APPICON_NAME = AppIcon;
				ASSETCATALOG_COMPILER_GLOBAL_ACCENT_COLOR_NAME = AccentColor;
				CODE_SIGN_STYLE = Automatic;
				CURRENT_PROJECT_VERSION = 1;
				DEVELOPMENT_TEAM = 8CL4U468K5;
				ENABLE_PREVIEWS = YES;
				GENERATE_INFOPLIST_FILE = YES;
				INFOPLIST_KEY_UIApplicationSceneManifest_Generation = YES;
				INFOPLIST_KEY_UIApplicationSupportsIndirectInputEvents = YES;
				INFOPLIST_KEY_UILaunchScreen_Generation = YES;
				INFOPLIST_KEY_UISupportedInterfaceOrientations_iPad = "UIInterfaceOrientationPortrait UIInterfaceOrientationPortraitUpsideDown UIInterfaceOrientationLandscapeLeft UIInterfaceOrientationLandscapeRight";
				INFOPLIST_KEY_UISupportedInterfaceOrientations_iPhone = "UIInterfaceOrientationPortrait UIInterfaceOrientationLandscapeLeft UIInterfaceOrientationLandscapeRight";
				IPHONEOS_DEPLOYMENT_TARGET = 15.0;
				LD_RUNPATH_SEARCH_PATHS = (
					"$(inherited)",
					"@executable_path/Frameworks",
				);
				MARKETING_VERSION = 1.0;
				PRODUCT_BUNDLE_IDENTIFIER = "com.587.UI-301";
				PRODUCT_NAME = "UI-301";
				SDKROOT = iphoneos;
				SWIFT_EMIT_LOC_STRINGS = YES;
				SWIFT_VERSION = 5.0;
				TARGETED_DEVICE_FAMILY = "1,2";
				VALIDATE_PRODUCT = YES;
			};
			name = Release;
		};
		47A35CFE26E70EA5008FFFA9 /* Debug */ = {
			isa = XCBuildConfiguration;
			buildSettings = {
				ASSETCATALOG_COMPILER_APPICON_NAME = AppIcon;
				ASSETCATALOG_COMPILER_GLOBAL_ACCENT_COLOR_NAME = AccentColor;
				CODE_SIGN_STYLE = Automatic;
				COMBINE_HIDPI_IMAGES = YES;
				CURRENT_PROJECT_VERSION = 1;
				DEVELOPMENT_TEAM = 8CL4U468K5;
				ENABLE_APP_SANDBOX = YES;
				ENABLE_HARDENED_RUNTIME = YES;
				ENABLE_PREVIEWS = YES;
				ENABLE_USER_SELECTED_FILES = readonly;
				GENERATE_INFOPLIST_FILE = YES;
				INFOPLIST_KEY_NSHumanReadableCopyright = "";
				LD_RUNPATH_SEARCH_PATHS = (
					"$(inherited)",
					"@executable_path/../Frameworks",
				);
				MACOSX_DEPLOYMENT_TARGET = 11.0;
				MARKETING_VERSION = 1.0;
				PRODUCT_BUNDLE_IDENTIFIER = "com.587.UI-301";
				PRODUCT_NAME = "UI-301";
				SDKROOT = macosx;
				SWIFT_EMIT_LOC_STRINGS = YES;
				SWIFT_VERSION = 5.0;
			};
			name = Debug;
		};
		47A35CFF26E70EA5008FFFA9 /* Release */ = {
			isa = XCBuildConfiguration;
			buildSettings = {
				ASSETCATALOG_COMPILER_APPICON_NAME = AppIcon;
				ASSETCATALOG_COMPILER_GLOBAL_ACCENT_COLOR_NAME = AccentColor;
				CODE_SIGN_STYLE = Automatic;
				COMBINE_HIDPI_IMAGES = YES;
				CURRENT_PROJECT_VERSION = 1;
				DEVELOPMENT_TEAM = 8CL4U468K5;
				ENABLE_APP_SANDBOX = YES;
				ENABLE_HARDENED_RUNTIME = YES;
				ENABLE_PREVIEWS = YES;
				ENABLE_USER_SELECTED_FILES = readonly;
				GENERATE_INFOPLIST_FILE = YES;
				INFOPLIST_KEY_NSHumanReadableCopyright = "";
				LD_RUNPATH_SEARCH_PATHS = (
					"$(inherited)",
					"@executable_path/../Frameworks",
				);
				MACOSX_DEPLOYMENT_TARGET = 11.0;
				MARKETING_VERSION = 1.0;
				PRODUCT_BUNDLE_IDENTIFIER = "com.587.UI-301";
				PRODUCT_NAME = "UI-301";
				SDKROOT = macosx;
				SWIFT_EMIT_LOC_STRINGS = YES;
				SWIFT_VERSION = 5.0;
			};
			name = Release;
		};
		47A35D0126E70EA5008FFFA9 /* Debug */ = {
			isa = XCBuildConfiguration;
			buildSettings = {
				ALWAYS_EMBED_SWIFT_STANDARD_LIBRARIES = YES;
				CODE_SIGN_STYLE = Automatic;
				CURRENT_PROJECT_VERSION = 1;
				DEVELOPMENT_TEAM = 8CL4U468K5;
				GENERATE_INFOPLIST_FILE = YES;
				IPHONEOS_DEPLOYMENT_TARGET = 15.0;
				LD_RUNPATH_SEARCH_PATHS = (
					"$(inherited)",
					"@executable_path/Frameworks",
					"@loader_path/Frameworks",
				);
				MARKETING_VERSION = 1.0;
				PRODUCT_BUNDLE_IDENTIFIER = "com.587.Tests-iOS";
				PRODUCT_NAME = "$(TARGET_NAME)";
				SDKROOT = iphoneos;
				SWIFT_EMIT_LOC_STRINGS = NO;
				SWIFT_VERSION = 5.0;
				TARGETED_DEVICE_FAMILY = "1,2";
				TEST_TARGET_NAME = "UI-301 (iOS)";
			};
			name = Debug;
		};
		47A35D0226E70EA5008FFFA9 /* Release */ = {
			isa = XCBuildConfiguration;
			buildSettings = {
				ALWAYS_EMBED_SWIFT_STANDARD_LIBRARIES = YES;
				CODE_SIGN_STYLE = Automatic;
				CURRENT_PROJECT_VERSION = 1;
				DEVELOPMENT_TEAM = 8CL4U468K5;
				GENERATE_INFOPLIST_FILE = YES;
				IPHONEOS_DEPLOYMENT_TARGET = 15.0;
				LD_RUNPATH_SEARCH_PATHS = (
					"$(inherited)",
					"@executable_path/Frameworks",
					"@loader_path/Frameworks",
				);
				MARKETING_VERSION = 1.0;
				PRODUCT_BUNDLE_IDENTIFIER = "com.587.Tests-iOS";
				PRODUCT_NAME = "$(TARGET_NAME)";
				SDKROOT = iphoneos;
				SWIFT_EMIT_LOC_STRINGS = NO;
				SWIFT_VERSION = 5.0;
				TARGETED_DEVICE_FAMILY = "1,2";
				TEST_TARGET_NAME = "UI-301 (iOS)";
				VALIDATE_PRODUCT = YES;
			};
			name = Release;
		};
		47A35D0426E70EA5008FFFA9 /* Debug */ = {
			isa = XCBuildConfiguration;
			buildSettings = {
				ALWAYS_EMBED_SWIFT_STANDARD_LIBRARIES = YES;
				CODE_SIGN_STYLE = Automatic;
				COMBINE_HIDPI_IMAGES = YES;
				CURRENT_PROJECT_VERSION = 1;
				DEVELOPMENT_TEAM = 8CL4U468K5;
				GENERATE_INFOPLIST_FILE = YES;
				LD_RUNPATH_SEARCH_PATHS = (
					"$(inherited)",
					"@executable_path/../Frameworks",
					"@loader_path/../Frameworks",
				);
				MACOSX_DEPLOYMENT_TARGET = 11.5;
				MARKETING_VERSION = 1.0;
				PRODUCT_BUNDLE_IDENTIFIER = "com.587.Tests-macOS";
				PRODUCT_NAME = "$(TARGET_NAME)";
				SDKROOT = macosx;
				SWIFT_EMIT_LOC_STRINGS = NO;
				SWIFT_VERSION = 5.0;
				TEST_TARGET_NAME = "UI-301 (macOS)";
			};
			name = Debug;
		};
		47A35D0526E70EA5008FFFA9 /* Release */ = {
			isa = XCBuildConfiguration;
			buildSettings = {
				ALWAYS_EMBED_SWIFT_STANDARD_LIBRARIES = YES;
				CODE_SIGN_STYLE = Automatic;
				COMBINE_HIDPI_IMAGES = YES;
				CURRENT_PROJECT_VERSION = 1;
				DEVELOPMENT_TEAM = 8CL4U468K5;
				GENERATE_INFOPLIST_FILE = YES;
				LD_RUNPATH_SEARCH_PATHS = (
					"$(inherited)",
					"@executable_path/../Frameworks",
					"@loader_path/../Frameworks",
				);
				MACOSX_DEPLOYMENT_TARGET = 11.5;
				MARKETING_VERSION = 1.0;
				PRODUCT_BUNDLE_IDENTIFIER = "com.587.Tests-macOS";
				PRODUCT_NAME = "$(TARGET_NAME)";
				SDKROOT = macosx;
				SWIFT_EMIT_LOC_STRINGS = NO;
				SWIFT_VERSION = 5.0;
				TEST_TARGET_NAME = "UI-301 (macOS)";
			};
			name = Release;
		};
/* End XCBuildConfiguration section */

/* Begin XCConfigurationList section */
		47A35CCA26E70EA4008FFFA9 /* Build configuration list for PBXProject "UI-301" */ = {
			isa = XCConfigurationList;
			buildConfigurations = (
				47A35CF826E70EA5008FFFA9 /* Debug */,
				47A35CF926E70EA5008FFFA9 /* Release */,
			);
			defaultConfigurationIsVisible = 0;
			defaultConfigurationName = Release;
		};
		47A35CFA26E70EA5008FFFA9 /* Build configuration list for PBXNativeTarget "UI-301 (iOS)" */ = {
			isa = XCConfigurationList;
			buildConfigurations = (
				47A35CFB26E70EA5008FFFA9 /* Debug */,
				47A35CFC26E70EA5008FFFA9 /* Release */,
			);
			defaultConfigurationIsVisible = 0;
			defaultConfigurationName = Release;
		};
		47A35CFD26E70EA5008FFFA9 /* Build configuration list for PBXNativeTarget "UI-301 (macOS)" */ = {
			isa = XCConfigurationList;
			buildConfigurations = (
				47A35CFE26E70EA5008FFFA9 /* Debug */,
				47A35CFF26E70EA5008FFFA9 /* Release */,
			);
			defaultConfigurationIsVisible = 0;
			defaultConfigurationName = Release;
		};
		47A35D0026E70EA5008FFFA9 /* Build configuration list for PBXNativeTarget "Tests iOS" */ = {
			isa = XCConfigurationList;
			buildConfigurations = (
				47A35D0126E70EA5008FFFA9 /* Debug */,
				47A35D0226E70EA5008FFFA9 /* Release */,
			);
			defaultConfigurationIsVisible = 0;
			defaultConfigurationName = Release;
		};
		47A35D0326E70EA5008FFFA9 /* Build configuration list for PBXNativeTarget "Tests macOS" */ = {
			isa = XCConfigurationList;
			buildConfigurations = (
				47A35D0426E70EA5008FFFA9 /* Debug */,
				47A35D0526E70EA5008FFFA9 /* Release */,
			);
			defaultConfigurationIsVisible = 0;
			defaultConfigurationName = Release;
		};
/* End XCConfigurationList section */
	};
	rootObject = 47A35CC726E70EA4008FFFA9 /* Project object */;
}
